
Microsoft Visual Studio Solution File, Format Version 12.00
# Visual Studio Version 17
VisualStudioVersion = 17.2.32630.192
MinimumVisualStudioVersion = 10.0.40219.1
Project("{9A19103F-16F7-4668-BE54-9A1E7A4F7556}") = "Cadastro de Funcionários", "CRUDMatrix\Cadastro de Funcionários.csproj", "{3B4AB01A-2F35-4169-8034-DD12F7E161A6}"
EndProject
Global
	GlobalSection(SolutionConfigurationPlatforms) = preSolution
		Debug|Any CPU = Debug|Any CPU
		Release|Any CPU = Release|Any CPU
	EndGlobalSection
	GlobalSection(ProjectConfigurationPlatforms) = postSolution
		{3B4AB01A-2F35-4169-8034-DD12F7E161A6}.Debug|Any CPU.ActiveCfg = Debug|Any CPU
		{3B4AB01A-2F35-4169-8034-DD12F7E161A6}.Debug|Any CPU.Build.0 = Debug|Any CPU
		{3B4AB01A-2F35-4169-8034-DD12F7E161A6}.Release|Any CPU.ActiveCfg = Release|Any CPU
		{3B4AB01A-2F35-4169-8034-DD12F7E161A6}.Release|Any CPU.Build.0 = Release|Any CPU
	EndGlobalSection
	GlobalSection(SolutionProperties) = preSolution
		HideSolutionNode = FALSE
	EndGlobalSection
	GlobalSection(ExtensibilityGlobals) = postSolution
		SolutionGuid = {E781D873-F1FA-42DE-8103-E77C2182A5AA}
	EndGlobalSection
EndGlobal
